
Microsoft Visual Studio Solution File, Format Version 12.00
# Visual Studio Version 16
VisualStudioVersion = 16.0.30002.166
MinimumVisualStudioVersion = 10.0.40219.1
Project("{FAE04EC0-301F-11D3-BF4B-00C04F79EFBC}") = "WebAppExcelReport", "WebAppExcelReport\WebAppExcelReport.csproj", "{FAB5ADE0-4C21-445A-9BD2-2F8D5AFFB670}"
EndProject
Global
	GlobalSection(SolutionConfigurationPlatforms) = preSolution
		Debug|Any CPU = Debug|Any CPU
		Release|Any CPU = Release|Any CPU
	EndGlobalSection
	GlobalSection(ProjectConfigurationPlatforms) = postSolution
		{FAB5ADE0-4C21-445A-9BD2-2F8D5AFFB670}.Debug|Any CPU.ActiveCfg = Debug|Any CPU
		{FAB5ADE0-4C21-445A-9BD2-2F8D5AFFB670}.Debug|Any CPU.Build.0 = Debug|Any CPU
		{FAB5ADE0-4C21-445A-9BD2-2F8D5AFFB670}.Release|Any CPU.ActiveCfg = Release|Any CPU
		{FAB5ADE0-4C21-445A-9BD2-2F8D5AFFB670}.Release|Any CPU.Build.0 = Release|Any CPU
	EndGlobalSection
	GlobalSection(SolutionProperties) = preSolution
		HideSolutionNode = FALSE
	EndGlobalSection
	GlobalSection(ExtensibilityGlobals) = postSolution
		SolutionGuid = {0981B21D-FF82-4C89-A4CF-66D4897C687E}
	EndGlobalSection
EndGlobal
